
Microsoft Visual Studio Solution File, Format Version 12.00
# Visual Studio Version 17
VisualStudioVersion = 17.9.34902.65
MinimumVisualStudioVersion = 10.0.40219.1
Project("{FAE04EC0-301F-11D3-BF4B-00C04F79EFBC}") = "Production test", "Production test\Production test.csproj", "{1D756659-5114-4B0D-B0E3-AD056E706735}"
EndProject
Global
	GlobalSection(SolutionConfigurationPlatforms) = preSolution
		Debug|Any CPU = Debug|Any CPU
		Release|Any CPU = Release|Any CPU
	EndGlobalSection
	GlobalSection(ProjectConfigurationPlatforms) = postSolution
		{1D756659-5114-4B0D-B0E3-AD056E706735}.Debug|Any CPU.ActiveCfg = Debug|Any CPU
		{1D756659-5114-4B0D-B0E3-AD056E706735}.Debug|Any CPU.Build.0 = Debug|Any CPU
		{1D756659-5114-4B0D-B0E3-AD056E706735}.Release|Any CPU.ActiveCfg = Release|Any CPU
		{1D756659-5114-4B0D-B0E3-AD056E706735}.Release|Any CPU.Build.0 = Release|Any CPU
	EndGlobalSection
	GlobalSection(SolutionProperties) = preSolution
		HideSolutionNode = FALSE
	EndGlobalSection
	GlobalSection(ExtensibilityGlobals) = postSolution
		SolutionGuid = {19793F19-8225-4B43-8728-8B607BF9DEFA}
	EndGlobalSection
EndGlobal
